
Microsoft Visual Studio Solution File, Format Version 12.00
# Visual Studio Version 16
VisualStudioVersion = 16.0.30621.155
MinimumVisualStudioVersion = 10.0.40219.1
Project("{FAE04EC0-301F-11D3-BF4B-00C04F79EFBC}") = "P01_StudentSystem", "P01_StudentSystem\P01_StudentSystem.csproj", "{03A36AC7-159D-45E6-A06F-F07BFBE62200}"
EndProject
Project("{FAE04EC0-301F-11D3-BF4B-00C04F79EFBC}") = "P01_StudentSystem.Data", "P01_StudentSystem.Data\P01_StudentSystem.Data.csproj", "{EEE40A94-0769-4B09-A5E7-AB521BD8523F}"
EndProject
Project("{FAE04EC0-301F-11D3-BF4B-00C04F79EFBC}") = "P01_StudentSystem.Data.Models", "P01_StudentSystem.Data.Models\P01_StudentSystem.Data.Models.csproj", "{CEA94F71-1F27-44F2-B763-C756BC40D96C}"
EndProject
Global
	GlobalSection(SolutionConfigurationPlatforms) = preSolution
		Debug|Any CPU = Debug|Any CPU
		Release|Any CPU = Release|Any CPU
	EndGlobalSection
	GlobalSection(ProjectConfigurationPlatforms) = postSolution
		{03A36AC7-159D-45E6-A06F-F07BFBE62200}.Debug|Any CPU.ActiveCfg = Debug|Any CPU
		{03A36AC7-159D-45E6-A06F-F07BFBE62200}.Debug|Any CPU.Build.0 = Debug|Any CPU
		{03A36AC7-159D-45E6-A06F-F07BFBE62200}.Release|Any CPU.ActiveCfg = Release|Any CPU
		{03A36AC7-159D-45E6-A06F-F07BFBE62200}.Release|Any CPU.Build.0 = Release|Any CPU
		{EEE40A94-0769-4B09-A5E7-AB521BD8523F}.Debug|Any CPU.ActiveCfg = Debug|Any CPU
		{EEE40A94-0769-4B09-A5E7-AB521BD8523F}.Debug|Any CPU.Build.0 = Debug|Any CPU
		{EEE40A94-0769-4B09-A5E7-AB521BD8523F}.Release|Any CPU.ActiveCfg = Release|Any CPU
		{EEE40A94-0769-4B09-A5E7-AB521BD8523F}.Release|Any CPU.Build.0 = Release|Any CPU
		{CEA94F71-1F27-44F2-B763-C756BC40D96C}.Debug|Any CPU.ActiveCfg = Debug|Any CPU
		{CEA94F71-1F27-44F2-B763-C756BC40D96C}.Debug|Any CPU.Build.0 = Debug|Any CPU
		{CEA94F71-1F27-44F2-B763-C756BC40D96C}.Release|Any CPU.ActiveCfg = Release|Any CPU
		{CEA94F71-1F27-44F2-B763-C756BC40D96C}.Release|Any CPU.Build.0 = Release|Any CPU
	EndGlobalSection
	GlobalSection(SolutionProperties) = preSolution
		HideSolutionNode = FALSE
	EndGlobalSection
	GlobalSection(ExtensibilityGlobals) = postSolution
		SolutionGuid = {B0E88C5B-A932-437B-B210-762CCA26E8F1}
	EndGlobalSection
EndGlobal
