
Microsoft Visual Studio Solution File, Format Version 12.00
# Visual Studio Version 16
VisualStudioVersion = 16.0.30621.155
MinimumVisualStudioVersion = 10.0.40219.1
Project("{9A19103F-16F7-4668-BE54-9A1E7A4F7556}") = "DiagnonalDifference", "MultidimensionalArrays\DiagnonalDifference.csproj", "{02700B59-CE16-441D-9577-EC93DC30912F}"
EndProject
Project("{9A19103F-16F7-4668-BE54-9A1E7A4F7556}") = "SquaresInMatrix", "SquaresInMatrix\SquaresInMatrix.csproj", "{B23C3AED-4DBC-4BB2-AAFD-588D9B989AF5}"
EndProject
Project("{9A19103F-16F7-4668-BE54-9A1E7A4F7556}") = "MaximalSum", "MaximalSum\MaximalSum.csproj", "{3B36F581-6312-4137-85C8-8B87D5465571}"
EndProject
Project("{9A19103F-16F7-4668-BE54-9A1E7A4F7556}") = "MatrixSchuffling", "MatrixSchuffling\MatrixSchuffling.csproj", "{35801005-FB7C-4581-9626-9E20869FD1E1}"
EndProject
Project("{9A19103F-16F7-4668-BE54-9A1E7A4F7556}") = "SnakeMoves", "SnakeMoves\SnakeMoves.csproj", "{82AEC767-48AF-47C2-BE25-FC2BCCE8E6C1}"
EndProject
Project("{9A19103F-16F7-4668-BE54-9A1E7A4F7556}") = "KnightGame", "KnightGame\KnightGame.csproj", "{C3C61BBA-9B5C-4430-A6B7-BA6534E85B13}"
EndProject
Project("{FAE04EC0-301F-11D3-BF4B-00C04F79EFBC}") = "JaggedArrayManipulator", "JaggedArrayManipulator\JaggedArrayManipulator.csproj", "{B44DC92C-E84A-4F4E-99AB-7967231E1591}"
EndProject
Global
	GlobalSection(SolutionConfigurationPlatforms) = preSolution
		Debug|Any CPU = Debug|Any CPU
		Release|Any CPU = Release|Any CPU
	EndGlobalSection
	GlobalSection(ProjectConfigurationPlatforms) = postSolution
		{02700B59-CE16-441D-9577-EC93DC30912F}.Debug|Any CPU.ActiveCfg = Debug|Any CPU
		{02700B59-CE16-441D-9577-EC93DC30912F}.Debug|Any CPU.Build.0 = Debug|Any CPU
		{02700B59-CE16-441D-9577-EC93DC30912F}.Release|Any CPU.ActiveCfg = Release|Any CPU
		{02700B59-CE16-441D-9577-EC93DC30912F}.Release|Any CPU.Build.0 = Release|Any CPU
		{B23C3AED-4DBC-4BB2-AAFD-588D9B989AF5}.Debug|Any CPU.ActiveCfg = Debug|Any CPU
		{B23C3AED-4DBC-4BB2-AAFD-588D9B989AF5}.Debug|Any CPU.Build.0 = Debug|Any CPU
		{B23C3AED-4DBC-4BB2-AAFD-588D9B989AF5}.Release|Any CPU.ActiveCfg = Release|Any CPU
		{B23C3AED-4DBC-4BB2-AAFD-588D9B989AF5}.Release|Any CPU.Build.0 = Release|Any CPU
		{3B36F581-6312-4137-85C8-8B87D5465571}.Debug|Any CPU.ActiveCfg = Debug|Any CPU
		{3B36F581-6312-4137-85C8-8B87D5465571}.Debug|Any CPU.Build.0 = Debug|Any CPU
		{3B36F581-6312-4137-85C8-8B87D5465571}.Release|Any CPU.ActiveCfg = Release|Any CPU
		{3B36F581-6312-4137-85C8-8B87D5465571}.Release|Any CPU.Build.0 = Release|Any CPU
		{35801005-FB7C-4581-9626-9E20869FD1E1}.Debug|Any CPU.ActiveCfg = Debug|Any CPU
		{35801005-FB7C-4581-9626-9E20869FD1E1}.Debug|Any CPU.Build.0 = Debug|Any CPU
		{35801005-FB7C-4581-9626-9E20869FD1E1}.Release|Any CPU.ActiveCfg = Release|Any CPU
		{35801005-FB7C-4581-9626-9E20869FD1E1}.Release|Any CPU.Build.0 = Release|Any CPU
		{82AEC767-48AF-47C2-BE25-FC2BCCE8E6C1}.Debug|Any CPU.ActiveCfg = Debug|Any CPU
		{82AEC767-48AF-47C2-BE25-FC2BCCE8E6C1}.Debug|Any CPU.Build.0 = Debug|Any CPU
		{82AEC767-48AF-47C2-BE25-FC2BCCE8E6C1}.Release|Any CPU.ActiveCfg = Release|Any CPU
		{82AEC767-48AF-47C2-BE25-FC2BCCE8E6C1}.Release|Any CPU.Build.0 = Release|Any CPU
		{C3C61BBA-9B5C-4430-A6B7-BA6534E85B13}.Debug|Any CPU.ActiveCfg = Debug|Any CPU
		{C3C61BBA-9B5C-4430-A6B7-BA6534E85B13}.Debug|Any CPU.Build.0 = Debug|Any CPU
		{C3C61BBA-9B5C-4430-A6B7-BA6534E85B13}.Release|Any CPU.ActiveCfg = Release|Any CPU
		{C3C61BBA-9B5C-4430-A6B7-BA6534E85B13}.Release|Any CPU.Build.0 = Release|Any CPU
		{B44DC92C-E84A-4F4E-99AB-7967231E1591}.Debug|Any CPU.ActiveCfg = Debug|Any CPU
		{B44DC92C-E84A-4F4E-99AB-7967231E1591}.Debug|Any CPU.Build.0 = Debug|Any CPU
		{B44DC92C-E84A-4F4E-99AB-7967231E1591}.Release|Any CPU.ActiveCfg = Release|Any CPU
		{B44DC92C-E84A-4F4E-99AB-7967231E1591}.Release|Any CPU.Build.0 = Release|Any CPU
	EndGlobalSection
	GlobalSection(SolutionProperties) = preSolution
		HideSolutionNode = FALSE
	EndGlobalSection
	GlobalSection(ExtensibilityGlobals) = postSolution
		SolutionGuid = {2C1913C0-D7A0-4C60-8B48-E3AB5B5B915F}
	EndGlobalSection
EndGlobal
