
Microsoft Visual Studio Solution File, Format Version 12.00
# Visual Studio Version 16
VisualStudioVersion = 16.0.30621.155
MinimumVisualStudioVersion = 10.0.40219.1
Project("{9A19103F-16F7-4668-BE54-9A1E7A4F7556}") = "UniqueUsernames", "UniqueUsernames\UniqueUsernames.csproj", "{A8DB6C70-1D36-45F0-BC61-219517658318}"
EndProject
Project("{9A19103F-16F7-4668-BE54-9A1E7A4F7556}") = "SetOfElements", "SetOfElements\SetOfElements.csproj", "{3AA584A9-EC4E-43BD-9E1D-6228908C82E2}"
EndProject
Project("{9A19103F-16F7-4668-BE54-9A1E7A4F7556}") = "PeriodicTable", "PeriodicTable\PeriodicTable.csproj", "{3E8D75A0-4348-476C-A396-1AD1310AE0B8}"
EndProject
Project("{9A19103F-16F7-4668-BE54-9A1E7A4F7556}") = "EvenTimes", "EvenTimes\EvenTimes.csproj", "{93D685D3-0652-4573-AD22-77C4D4033C85}"
EndProject
Project("{FAE04EC0-301F-11D3-BF4B-00C04F79EFBC}") = "CountSymbols", "CountSymbols\CountSymbols.csproj", "{CD3476A2-B903-40C0-ABD2-D5063461D41B}"
EndProject
Global
	GlobalSection(SolutionConfigurationPlatforms) = preSolution
		Debug|Any CPU = Debug|Any CPU
		Release|Any CPU = Release|Any CPU
	EndGlobalSection
	GlobalSection(ProjectConfigurationPlatforms) = postSolution
		{A8DB6C70-1D36-45F0-BC61-219517658318}.Debug|Any CPU.ActiveCfg = Debug|Any CPU
		{A8DB6C70-1D36-45F0-BC61-219517658318}.Debug|Any CPU.Build.0 = Debug|Any CPU
		{A8DB6C70-1D36-45F0-BC61-219517658318}.Release|Any CPU.ActiveCfg = Release|Any CPU
		{A8DB6C70-1D36-45F0-BC61-219517658318}.Release|Any CPU.Build.0 = Release|Any CPU
		{3AA584A9-EC4E-43BD-9E1D-6228908C82E2}.Debug|Any CPU.ActiveCfg = Debug|Any CPU
		{3AA584A9-EC4E-43BD-9E1D-6228908C82E2}.Debug|Any CPU.Build.0 = Debug|Any CPU
		{3AA584A9-EC4E-43BD-9E1D-6228908C82E2}.Release|Any CPU.ActiveCfg = Release|Any CPU
		{3AA584A9-EC4E-43BD-9E1D-6228908C82E2}.Release|Any CPU.Build.0 = Release|Any CPU
		{3E8D75A0-4348-476C-A396-1AD1310AE0B8}.Debug|Any CPU.ActiveCfg = Debug|Any CPU
		{3E8D75A0-4348-476C-A396-1AD1310AE0B8}.Debug|Any CPU.Build.0 = Debug|Any CPU
		{3E8D75A0-4348-476C-A396-1AD1310AE0B8}.Release|Any CPU.ActiveCfg = Release|Any CPU
		{3E8D75A0-4348-476C-A396-1AD1310AE0B8}.Release|Any CPU.Build.0 = Release|Any CPU
		{93D685D3-0652-4573-AD22-77C4D4033C85}.Debug|Any CPU.ActiveCfg = Debug|Any CPU
		{93D685D3-0652-4573-AD22-77C4D4033C85}.Debug|Any CPU.Build.0 = Debug|Any CPU
		{93D685D3-0652-4573-AD22-77C4D4033C85}.Release|Any CPU.ActiveCfg = Release|Any CPU
		{93D685D3-0652-4573-AD22-77C4D4033C85}.Release|Any CPU.Build.0 = Release|Any CPU
		{CD3476A2-B903-40C0-ABD2-D5063461D41B}.Debug|Any CPU.ActiveCfg = Debug|Any CPU
		{CD3476A2-B903-40C0-ABD2-D5063461D41B}.Debug|Any CPU.Build.0 = Debug|Any CPU
		{CD3476A2-B903-40C0-ABD2-D5063461D41B}.Release|Any CPU.ActiveCfg = Release|Any CPU
		{CD3476A2-B903-40C0-ABD2-D5063461D41B}.Release|Any CPU.Build.0 = Release|Any CPU
	EndGlobalSection
	GlobalSection(SolutionProperties) = preSolution
		HideSolutionNode = FALSE
	EndGlobalSection
	GlobalSection(ExtensibilityGlobals) = postSolution
		SolutionGuid = {4D1DD5EA-4EED-4EFC-AF4A-E1103B0AA2E6}
	EndGlobalSection
EndGlobal
